
Microsoft Visual Studio Solution File, Format Version 12.00
# Visual Studio Version 17
VisualStudioVersion = 17.13.35919.96 d17.13
MinimumVisualStudioVersion = 10.0.40219.1
Project("{FAE04EC0-301F-11D3-BF4B-00C04F79EFBC}") = "AGRIBD", "AGRIBD\AGRIBD.csproj", "{E39F0B9C-00E9-4E10-8D5A-D103D613D08B}"
EndProject
Global
	GlobalSection(SolutionConfigurationPlatforms) = preSolution
		Debug|Any CPU = Debug|Any CPU
		Release|Any CPU = Release|Any CPU
	EndGlobalSection
	GlobalSection(ProjectConfigurationPlatforms) = postSolution
		{E39F0B9C-00E9-4E10-8D5A-D103D613D08B}.Debug|Any CPU.ActiveCfg = Debug|Any CPU
		{E39F0B9C-00E9-4E10-8D5A-D103D613D08B}.Debug|Any CPU.Build.0 = Debug|Any CPU
		{E39F0B9C-00E9-4E10-8D5A-D103D613D08B}.Release|Any CPU.ActiveCfg = Release|Any CPU
		{E39F0B9C-00E9-4E10-8D5A-D103D613D08B}.Release|Any CPU.Build.0 = Release|Any CPU
	EndGlobalSection
	GlobalSection(SolutionProperties) = preSolution
		HideSolutionNode = FALSE
	EndGlobalSection
	GlobalSection(ExtensibilityGlobals) = postSolution
		SolutionGuid = {BDDE7CB6-E213-4171-9B5B-6F7C63BE41CC}
	EndGlobalSection
EndGlobal
